// !$*UTF8*$!
{
	archiveVersion = 1;
	classes = {
	};
	objectVersion = 46;
	objects = {

/* Begin PBXBuildFile section */
		1A0D4BC51D84FBAE00BD341D /* main.m in Sources */ = {isa = PBXBuildFile; fileRef = 1A0D4BC41D84FBAE00BD341D /* main.m */; };
		1A0D4BCE1D84FBAE00BD341D /* Main.storyboard in Resources */ = {isa = PBXBuildFile; fileRef = 1A0D4BCC1D84FBAE00BD341D /* Main.storyboard */; };
		1A0D4BD01D84FBAE00BD341D /* Assets.xcassets in Resources */ = {isa = PBXBuildFile; fileRef = 1A0D4BCF1D84FBAE00BD341D /* Assets.xcassets */; };
		1A0D4BD31D84FBAE00BD341D /* LaunchScreen.storyboard in Resources */ = {isa = PBXBuildFile; fileRef = 1A0D4BD11D84FBAE00BD341D /* LaunchScreen.storyboard */; };
		1A0D4BDE1D84FBAE00BD341D /* JGCALayerTests.m in Sources */ = {isa = PBXBuildFile; fileRef = 1A0D4BDD1D84FBAE00BD341D /* JGCALayerTests.m */; };
		1A0D4BE91D84FBAE00BD341D /* JGCALayerUITests.m in Sources */ = {isa = PBXBuildFile; fileRef = 1A0D4BE81D84FBAE00BD341D /* JGCALayerUITests.m */; };
		1A0D4BFB1D84FC0000BD341D /* AppDelegate.m in Sources */ = {isa = PBXBuildFile; fileRef = 1A0D4BF81D84FC0000BD341D /* AppDelegate.m */; };
		1A0D4BFE1D84FC4800BD341D /* JGRootTableViewController.m in Sources */ = {isa = PBXBuildFile; fileRef = 1A0D4BFD1D84FC4800BD341D /* JGRootTableViewController.m */; };
		1A0D4C011D84FFE000BD341D /* JGBasicViewController.m in Sources */ = {isa = PBXBuildFile; fileRef = 1A0D4C001D84FFE000BD341D /* JGBasicViewController.m */; };
		1A0D4C041D852A6300BD341D /* JGClockViewController.m in Sources */ = {isa = PBXBuildFile; fileRef = 1A0D4C031D852A6300BD341D /* JGClockViewController.m */; };
		1A0D4C071D85386D00BD341D /* JGHeartBeatAndTranstionController.m in Sources */ = {isa = PBXBuildFile; fileRef = 1A0D4C061D85386D00BD341D /* JGHeartBeatAndTranstionController.m */; };
		1A0D4C0A1D85422400BD341D /* JGRotaryTableViewController.m in Sources */ = {isa = PBXBuildFile; fileRef = 1A0D4C091D85422400BD341D /* JGRotaryTableViewController.m */; };
		1A0D4C0D1D85434700BD341D /* JGWheelView.m in Sources */ = {isa = PBXBuildFile; fileRef = 1A0D4C0C1D85434700BD341D /* JGWheelView.m */; };
		1A0D4C0F1D85435200BD341D /* JGWheelView.xib in Resources */ = {isa = PBXBuildFile; fileRef = 1A0D4C0E1D85435200BD341D /* JGWheelView.xib */; };
		1A0D4C121D854EB000BD341D /* JGWheelsBtn.m in Sources */ = {isa = PBXBuildFile; fileRef = 1A0D4C111D854EB000BD341D /* JGWheelsBtn.m */; };
		1AF153D21D8633F3005D63DC /* JGPicFoldViewController.m in Sources */ = {isa = PBXBuildFile; fileRef = 1AF153D11D8633F3005D63DC /* JGPicFoldViewController.m */; };
		1AF153D51D863CE7005D63DC /* JGMusicVibrationController.m in Sources */ = {isa = PBXBuildFile; fileRef = 1AF153D41D863CE7005D63DC /* JGMusicVibrationController.m */; };
		1AF153D81D8644A4005D63DC /* JGReflectionController.m in Sources */ = {isa = PBXBuildFile; fileRef = 1AF153D71D8644A4005D63DC /* JGReflectionController.m */; };
		1AF153DB1D8645FA005D63DC /* JGReflectionView.m in Sources */ = {isa = PBXBuildFile; fileRef = 1AF153DA1D8645FA005D63DC /* JGReflectionView.m */; };
		1AF153DE1D864C44005D63DC /* JGParticleViewController.m in Sources */ = {isa = PBXBuildFile; fileRef = 1AF153DD1D864C44005D63DC /* JGParticleViewController.m */; };
		1AF153E41D864EC3005D63DC /* JGParticleView.m in Sources */ = {isa = PBXBuildFile; fileRef = 1AF153E31D864EC3005D63DC /* JGParticleView.m */; };
		1AF153E71D865454005D63DC /* JGBageValueController.m in Sources */ = {isa = PBXBuildFile; fileRef = 1AF153E61D865454005D63DC /* JGBageValueController.m */; };
		1AF153ED1D865531005D63DC /* JGBageValue.m in Sources */ = {isa = PBXBuildFile; fileRef = 1AF153EC1D865531005D63DC /* JGBageValue.m */; };
		1AF153F01D868257005D63DC /* JGWeiBoAniController.m in Sources */ = {isa = PBXBuildFile; fileRef = 1AF153EF1D868257005D63DC /* JGWeiBoAniController.m */; };
		1AF153F31D86832D005D63DC /* JGWeiBoComposeController.m in Sources */ = {isa = PBXBuildFile; fileRef = 1AF153F21D86832D005D63DC /* JGWeiBoComposeController.m */; };
		1AF153F71D868383005D63DC /* JGMuneItem.m in Sources */ = {isa = PBXBuildFile; fileRef = 1AF153F61D868383005D63DC /* JGMuneItem.m */; };
		1AF153FA1D868DA6005D63DC /* JGItemBtn.m in Sources */ = {isa = PBXBuildFile; fileRef = 1AF153F91D868DA6005D63DC /* JGItemBtn.m */; };
		1AF153FD1D8691E3005D63DC /* JGMosaicController.m in Sources */ = {isa = PBXBuildFile; fileRef = 1AF153FC1D8691E3005D63DC /* JGMosaicController.m */; };
		1AF154001D869312005D63DC /* JGMosaicView.m in Sources */ = {isa = PBXBuildFile; fileRef = 1AF153FF1D869312005D63DC /* JGMosaicView.m */; };
		1AF154041D8699DE005D63DC /* UIImage+JGMosaic.m in Sources */ = {isa = PBXBuildFile; fileRef = 1AF154031D8699DE005D63DC /* UIImage+JGMosaic.m */; };
/* End PBXBuildFile section */

/* Begin PBXContainerItemProxy section */
		1A0D4BDA1D84FBAE00BD341D /* PBXContainerItemProxy */ = {
			isa = PBXContainerItemProxy;
			containerPortal = 1A0D4BB81D84FBAE00BD341D /* Project object */;
			proxyType = 1;
			remoteGlobalIDString = 1A0D4BBF1D84FBAE00BD341D;
			remoteInfo = JGCALayer;
		};
		1A0D4BE51D84FBAE00BD341D /* PBXContainerItemProxy */ = {
			isa = PBXContainerItemProxy;
			containerPortal = 1A0D4BB81D84FBAE00BD341D /* Project object */;
			proxyType = 1;
			remoteGlobalIDString = 1A0D4BBF1D84FBAE00BD341D;
			remoteInfo = JGCALayer;
		};
/* End PBXContainerItemProxy section */

/* Begin PBXFileReference section */
		1A0D4BC01D84FBAE00BD341D /* JGCALayer.app */ = {isa = PBXFileReference; explicitFileType = wrapper.application; includeInIndex = 0; path = JGCALayer.app; sourceTree = BUILT_PRODUCTS_DIR; };
		1A0D4BC41D84FBAE00BD341D /* main.m */ = {isa = PBXFileReference; lastKnownFileType = sourcecode.c.objc; path = main.m; sourceTree = "<group>"; };
		1A0D4BCD1D84FBAE00BD341D /* Base */ = {isa = PBXFileReference; lastKnownFileType = file.storyboard; name = Base; path = Base.lproj/Main.storyboard; sourceTree = "<group>"; };
		1A0D4BCF1D84FBAE00BD341D /* Assets.xcassets */ = {isa = PBXFileReference; lastKnownFileType = folder.assetcatalog; path = Assets.xcassets; sourceTree = "<group>"; };
		1A0D4BD21D84FBAE00BD341D /* Base */ = {isa = PBXFileReference; lastKnownFileType = file.storyboard; name = Base; path = Base.lproj/LaunchScreen.storyboard; sourceTree = "<group>"; };
		1A0D4BD41D84FBAE00BD341D /* Info.plist */ = {isa = PBXFileReference; lastKnownFileType = text.plist.xml; path = Info.plist; sourceTree = "<group>"; };
		1A0D4BD91D84FBAE00BD341D /* JGCALayerTests.xctest */ = {isa = PBXFileReference; explicitFileType = wrapper.cfbundle; includeInIndex = 0; path = JGCALayerTests.xctest; sourceTree = BUILT_PRODUCTS_DIR; };
		1A0D4BDD1D84FBAE00BD341D /* JGCALayerTests.m */ = {isa = PBXFileReference; lastKnownFileType = sourcecode.c.objc; path = JGCALayerTests.m; sourceTree = "<group>"; };
		1A0D4BDF1D84FBAE00BD341D /* Info.plist */ = {isa = PBXFileReference; lastKnownFileType = text.plist.xml; path = Info.plist; sourceTree = "<group>"; };
		1A0D4BE41D84FBAE00BD341D /* JGCALayerUITests.xctest */ = {isa = PBXFileReference; explicitFileType = wrapper.cfbundle; includeInIndex = 0; path = JGCALayerUITests.xctest; sourceTree = BUILT_PRODUCTS_DIR; };
		1A0D4BE81D84FBAE00BD341D /* JGCALayerUITests.m */ = {isa = PBXFileReference; lastKnownFileType = sourcecode.c.objc; path = JGCALayerUITests.m; sourceTree = "<group>"; };
		1A0D4BEA1D84FBAE00BD341D /* Info.plist */ = {isa = PBXFileReference; lastKnownFileType = text.plist.xml; path = Info.plist; sourceTree = "<group>"; };
		1A0D4BF71D84FC0000BD341D /* AppDelegate.h */ = {isa = PBXFileReference; fileEncoding = 4; lastKnownFileType = sourcecode.c.h; path = AppDelegate.h; sourceTree = "<group>"; };
		1A0D4BF81D84FC0000BD341D /* AppDelegate.m */ = {isa = PBXFileReference; fileEncoding = 4; lastKnownFileType = sourcecode.c.objc; path = AppDelegate.m; sourceTree = "<group>"; };
		1A0D4BFC1D84FC4800BD341D /* JGRootTableViewController.h */ = {isa = PBXFileReference; fileEncoding = 4; lastKnownFileType = sourcecode.c.h; path = JGRootTableViewController.h; sourceTree = "<group>"; };
		1A0D4BFD1D84FC4800BD341D /* JGRootTableViewController.m */ = {isa = PBXFileReference; fileEncoding = 4; lastKnownFileType = sourcecode.c.objc; path = JGRootTableViewController.m; sourceTree = "<group>"; };
		1A0D4BFF1D84FFE000BD341D /* JGBasicViewController.h */ = {isa = PBXFileReference; fileEncoding = 4; lastKnownFileType = sourcecode.c.h; path = JGBasicViewController.h; sourceTree = "<group>"; };
		1A0D4C001D84FFE000BD341D /* JGBasicViewController.m */ = {isa = PBXFileReference; fileEncoding = 4; lastKnownFileType = sourcecode.c.objc; path = JGBasicViewController.m; sourceTree = "<group>"; };
		1A0D4C021D852A6300BD341D /* JGClockViewController.h */ = {isa = PBXFileReference; fileEncoding = 4; lastKnownFileType = sourcecode.c.h; path = JGClockViewController.h; sourceTree = "<group>"; };
		1A0D4C031D852A6300BD341D /* JGClockViewController.m */ = {isa = PBXFileReference; fileEncoding = 4; lastKnownFileType = sourcecode.c.objc; path = JGClockViewController.m; sourceTree = "<group>"; };
		1A0D4C051D85386D00BD341D /* JGHeartBeatAndTranstionController.h */ = {isa = PBXFileReference; fileEncoding = 4; lastKnownFileType = sourcecode.c.h; path = JGHeartBeatAndTranstionController.h; sourceTree = "<group>"; };
		1A0D4C061D85386D00BD341D /* JGHeartBeatAndTranstionController.m */ = {isa = PBXFileReference; fileEncoding = 4; lastKnownFileType = sourcecode.c.objc; path = JGHeartBeatAndTranstionController.m; sourceTree = "<group>"; };
		1A0D4C081D85422400BD341D /* JGRotaryTableViewController.h */ = {isa = PBXFileReference; fileEncoding = 4; lastKnownFileType = sourcecode.c.h; path = JGRotaryTableViewController.h; sourceTree = "<group>"; };
		1A0D4C091D85422400BD341D /* JGRotaryTableViewController.m */ = {isa = PBXFileReference; fileEncoding = 4; lastKnownFileType = sourcecode.c.objc; path = JGRotaryTableViewController.m; sourceTree = "<group>"; };
		1A0D4C0B1D85434700BD341D /* JGWheelView.h */ = {isa = PBXFileReference; fileEncoding = 4; lastKnownFileType = sourcecode.c.h; path = JGWheelView.h; sourceTree = "<group>"; };
		1A0D4C0C1D85434700BD341D /* JGWheelView.m */ = {isa = PBXFileReference; fileEncoding = 4; lastKnownFileType = sourcecode.c.objc; path = JGWheelView.m; sourceTree = "<group>"; };
		1A0D4C0E1D85435200BD341D /* JGWheelView.xib */ = {isa = PBXFileReference; fileEncoding = 4; lastKnownFileType = file.xib; path = JGWheelView.xib; sourceTree = "<group>"; };
		1A0D4C101D854EB000BD341D /* JGWheelsBtn.h */ = {isa = PBXFileReference; fileEncoding = 4; lastKnownFileType = sourcecode.c.h; path = JGWheelsBtn.h; sourceTree = "<group>"; };
		1A0D4C111D854EB000BD341D /* JGWheelsBtn.m */ = {isa = PBXFileReference; fileEncoding = 4; lastKnownFileType = sourcecode.c.objc; path = JGWheelsBtn.m; sourceTree = "<group>"; };
		1AF153D01D8633F3005D63DC /* JGPicFoldViewController.h */ = {isa = PBXFileReference; fileEncoding = 4; lastKnownFileType = sourcecode.c.h; path = JGPicFoldViewController.h; sourceTree = "<group>"; };
		1AF153D11D8633F3005D63DC /* JGPicFoldViewController.m */ = {isa = PBXFileReference; fileEncoding = 4; lastKnownFileType = sourcecode.c.objc; path = JGPicFoldViewController.m; sourceTree = "<group>"; };
		1AF153D31D863CE7005D63DC /* JGMusicVibrationController.h */ = {isa = PBXFileReference; fileEncoding = 4; lastKnownFileType = sourcecode.c.h; path = JGMusicVibrationController.h; sourceTree = "<group>"; };
		1AF153D41D863CE7005D63DC /* JGMusicVibrationController.m */ = {isa = PBXFileReference; fileEncoding = 4; lastKnownFileType = sourcecode.c.objc; path = JGMusicVibrationController.m; sourceTree = "<group>"; };
		1AF153D61D8644A4005D63DC /* JGReflectionController.h */ = {isa = PBXFileReference; fileEncoding = 4; lastKnownFileType = sourcecode.c.h; path = JGReflectionController.h; sourceTree = "<group>"; };
		1AF153D71D8644A4005D63DC /* JGReflectionController.m */ = {isa = PBXFileReference; fileEncoding = 4; lastKnownFileType = sourcecode.c.objc; path = JGReflectionController.m; sourceTree = "<group>"; };
		1AF153D91D8645FA005D63DC /* JGReflectionView.h */ = {isa = PBXFileReference; fileEncoding = 4; lastKnownFileType = sourcecode.c.h; path = JGReflectionView.h; sourceTree = "<group>"; };
		1AF153DA1D8645FA005D63DC /* JGReflectionView.m */ = {isa = PBXFileReference; fileEncoding = 4; lastKnownFileType = sourcecode.c.objc; path = JGReflectionView.m; sourceTree = "<group>"; };
		1AF153DC1D864C44005D63DC /* JGParticleViewController.h */ = {isa = PBXFileReference; fileEncoding = 4; lastKnownFileType = sourcecode.c.h; path = JGParticleViewController.h; sourceTree = "<group>"; };
		1AF153DD1D864C44005D63DC /* JGParticleViewController.m */ = {isa = PBXFileReference; fileEncoding = 4; lastKnownFileType = sourcecode.c.objc; path = JGParticleViewController.m; sourceTree = "<group>"; };
		1AF153E21D864EC3005D63DC /* JGParticleView.h */ = {isa = PBXFileReference; fileEncoding = 4; lastKnownFileType = sourcecode.c.h; path = JGParticleView.h; sourceTree = "<group>"; };
		1AF153E31D864EC3005D63DC /* JGParticleView.m */ = {isa = PBXFileReference; fileEncoding = 4; lastKnownFileType = sourcecode.c.objc; path = JGParticleView.m; sourceTree = "<group>"; };
		1AF153E51D865454005D63DC /* JGBageValueController.h */ = {isa = PBXFileReference; fileEncoding = 4; lastKnownFileType = sourcecode.c.h; path = JGBageValueController.h; sourceTree = "<group>"; };
		1AF153E61D865454005D63DC /* JGBageValueController.m */ = {isa = PBXFileReference; fileEncoding = 4; lastKnownFileType = sourcecode.c.objc; path = JGBageValueController.m; sourceTree = "<group>"; };
		1AF153EB1D865531005D63DC /* JGBageValue.h */ = {isa = PBXFileReference; fileEncoding = 4; lastKnownFileType = sourcecode.c.h; path = JGBageValue.h; sourceTree = "<group>"; };
		1AF153EC1D865531005D63DC /* JGBageValue.m */ = {isa = PBXFileReference; fileEncoding = 4; lastKnownFileType = sourcecode.c.objc; path = JGBageValue.m; sourceTree = "<group>"; };
		1AF153EE1D868257005D63DC /* JGWeiBoAniController.h */ = {isa = PBXFileReference; fileEncoding = 4; lastKnownFileType = sourcecode.c.h; path = JGWeiBoAniController.h; sourceTree = "<group>"; };
		1AF153EF1D868257005D63DC /* JGWeiBoAniController.m */ = {isa = PBXFileReference; fileEncoding = 4; lastKnownFileType = sourcecode.c.objc; path = JGWeiBoAniController.m; sourceTree = "<group>"; };
		1AF153F11D86832D005D63DC /* JGWeiBoComposeController.h */ = {isa = PBXFileReference; fileEncoding = 4; lastKnownFileType = sourcecode.c.h; path = JGWeiBoComposeController.h; sourceTree = "<group>"; };
		1AF153F21D86832D005D63DC /* JGWeiBoComposeController.m */ = {isa = PBXFileReference; fileEncoding = 4; lastKnownFileType = sourcecode.c.objc; path = JGWeiBoComposeController.m; sourceTree = "<group>"; };
		1AF153F51D868383005D63DC /* JGMuneItem.h */ = {isa = PBXFileReference; fileEncoding = 4; lastKnownFileType = sourcecode.c.h; path = JGMuneItem.h; sourceTree = "<group>"; };
		1AF153F61D868383005D63DC /* JGMuneItem.m */ = {isa = PBXFileReference; fileEncoding = 4; lastKnownFileType = sourcecode.c.objc; path = JGMuneItem.m; sourceTree = "<group>"; };
		1AF153F81D868DA6005D63DC /* JGItemBtn.h */ = {isa = PBXFileReference; fileEncoding = 4; lastKnownFileType = sourcecode.c.h; path = JGItemBtn.h; sourceTree = "<group>"; };
		1AF153F91D868DA6005D63DC /* JGItemBtn.m */ = {isa = PBXFileReference; fileEncoding = 4; lastKnownFileType = sourcecode.c.objc; path = JGItemBtn.m; sourceTree = "<group>"; };
		1AF153FB1D8691E3005D63DC /* JGMosaicController.h */ = {isa = PBXFileReference; fileEncoding = 4; lastKnownFileType = sourcecode.c.h; path = JGMosaicController.h; sourceTree = "<group>"; };
		1AF153FC1D8691E3005D63DC /* JGMosaicController.m */ = {isa = PBXFileReference; fileEncoding = 4; lastKnownFileType = sourcecode.c.objc; path = JGMosaicController.m; sourceTree = "<group>"; };
		1AF153FE1D869312005D63DC /* JGMosaicView.h */ = {isa = PBXFileReference; fileEncoding = 4; lastKnownFileType = sourcecode.c.h; path = JGMosaicView.h; sourceTree = "<group>"; };
		1AF153FF1D869312005D63DC /* JGMosaicView.m */ = {isa = PBXFileReference; fileEncoding = 4; lastKnownFileType = sourcecode.c.objc; path = JGMosaicView.m; sourceTree = "<group>"; };
		1AF154021D8699DE005D63DC /* UIImage+JGMosaic.h */ = {isa = PBXFileReference; fileEncoding = 4; lastKnownFileType = sourcecode.c.h; path = "UIImage+JGMosaic.h"; sourceTree = "<group>"; };
		1AF154031D8699DE005D63DC /* UIImage+JGMosaic.m */ = {isa = PBXFileReference; fileEncoding = 4; lastKnownFileType = sourcecode.c.objc; path = "UIImage+JGMosaic.m"; sourceTree = "<group>"; };
/* End PBXFileReference section */

/* Begin PBXFrameworksBuildPhase section */
		1A0D4BBD1D84FBAE00BD341D /* Frameworks */ = {
			isa = PBXFrameworksBuildPhase;
			buildActionMask = 2147483647;
			files = (
			);
			runOnlyForDeploymentPostprocessing = 0;
		};
		1A0D4BD61D84FBAE00BD341D /* Frameworks */ = {
			isa = PBXFrameworksBuildPhase;
			buildActionMask = 2147483647;
			files = (
			);
			runOnlyForDeploymentPostprocessing = 0;
		};
		1A0D4BE11D84FBAE00BD341D /* Frameworks */ = {
			isa = PBXFrameworksBuildPhase;
			buildActionMask = 2147483647;
			files = (
			);
			runOnlyForDeploymentPostprocessing = 0;
		};
/* End PBXFrameworksBuildPhase section */

/* Begin PBXGroup section */
		1A0D4BB71D84FBAE00BD341D = {
			isa = PBXGroup;
			children = (
				1A0D4BC21D84FBAE00BD341D /* JGCALayer */,
				1A0D4BDC1D84FBAE00BD341D /* JGCALayerTests */,
				1A0D4BE71D84FBAE00BD341D /* JGCALayerUITests */,
				1A0D4BC11D84FBAE00BD341D /* Products */,
			);
			sourceTree = "<group>";
		};
		1A0D4BC11D84FBAE00BD341D /* Products */ = {
			isa = PBXGroup;
			children = (
				1A0D4BC01D84FBAE00BD341D /* JGCALayer.app */,
				1A0D4BD91D84FBAE00BD341D /* JGCALayerTests.xctest */,
				1A0D4BE41D84FBAE00BD341D /* JGCALayerUITests.xctest */,
			);
			name = Products;
			sourceTree = "<group>";
		};
		1A0D4BC21D84FBAE00BD341D /* JGCALayer */ = {
			isa = PBXGroup;
			children = (
				1AF154011D8699AE005D63DC /* CateGorys */,
				1A0D4BF61D84FC0000BD341D /* Apps */,
				1A0D4BF91D84FC0000BD341D /* Controllers */,
				1A0D4BFA1D84FC0000BD341D /* Views */,
				1AF153F41D868356005D63DC /* Models */,
				1A0D4BC31D84FBAE00BD341D /* Supporting Files */,
			);
			path = JGCALayer;
			sourceTree = "<group>";
		};
		1A0D4BC31D84FBAE00BD341D /* Supporting Files */ = {
			isa = PBXGroup;
			children = (
				1A0D4BCC1D84FBAE00BD341D /* Main.storyboard */,
				1A0D4BCF1D84FBAE00BD341D /* Assets.xcassets */,
				1A0D4BD11D84FBAE00BD341D /* LaunchScreen.storyboard */,
				1A0D4BD41D84FBAE00BD341D /* Info.plist */,
				1A0D4BC41D84FBAE00BD341D /* main.m */,
			);
			name = "Supporting Files";
			sourceTree = "<group>";
		};
		1A0D4BDC1D84FBAE00BD341D /* JGCALayerTests */ = {
			isa = PBXGroup;
			children = (
				1A0D4BDD1D84FBAE00BD341D /* JGCALayerTests.m */,
				1A0D4BDF1D84FBAE00BD341D /* Info.plist */,
			);
			path = JGCALayerTests;
			sourceTree = "<group>";
		};
		1A0D4BE71D84FBAE00BD341D /* JGCALayerUITests */ = {
			isa = PBXGroup;
			children = (
				1A0D4BE81D84FBAE00BD341D /* JGCALayerUITests.m */,
				1A0D4BEA1D84FBAE00BD341D /* Info.plist */,
			);
			path = JGCALayerUITests;
			sourceTree = "<group>";
		};
		1A0D4BF61D84FC0000BD341D /* Apps */ = {
			isa = PBXGroup;
			children = (
				1A0D4BF71D84FC0000BD341D /* AppDelegate.h */,
				1A0D4BF81D84FC0000BD341D /* AppDelegate.m */,
			);
			path = Apps;
			sourceTree = "<group>";
		};
		1A0D4BF91D84FC0000BD341D /* Controllers */ = {
			isa = PBXGroup;
			children = (
				1A0D4BFC1D84FC4800BD341D /* JGRootTableViewController.h */,
				1A0D4BFD1D84FC4800BD341D /* JGRootTableViewController.m */,
				1A0D4BFF1D84FFE000BD341D /* JGBasicViewController.h */,
				1A0D4C001D84FFE000BD341D /* JGBasicViewController.m */,
				1A0D4C021D852A6300BD341D /* JGClockViewController.h */,
				1A0D4C031D852A6300BD341D /* JGClockViewController.m */,
				1A0D4C051D85386D00BD341D /* JGHeartBeatAndTranstionController.h */,
				1A0D4C061D85386D00BD341D /* JGHeartBeatAndTranstionController.m */,
				1A0D4C081D85422400BD341D /* JGRotaryTableViewController.h */,
				1A0D4C091D85422400BD341D /* JGRotaryTableViewController.m */,
				1AF153D01D8633F3005D63DC /* JGPicFoldViewController.h */,
				1AF153D11D8633F3005D63DC /* JGPicFoldViewController.m */,
				1AF153D31D863CE7005D63DC /* JGMusicVibrationController.h */,
				1AF153D41D863CE7005D63DC /* JGMusicVibrationController.m */,
				1AF153D61D8644A4005D63DC /* JGReflectionController.h */,
				1AF153D71D8644A4005D63DC /* JGReflectionController.m */,
				1AF153DC1D864C44005D63DC /* JGParticleViewController.h */,
				1AF153DD1D864C44005D63DC /* JGParticleViewController.m */,
				1AF153E51D865454005D63DC /* JGBageValueController.h */,
				1AF153E61D865454005D63DC /* JGBageValueController.m */,
				1AF153EE1D868257005D63DC /* JGWeiBoAniController.h */,
				1AF153EF1D868257005D63DC /* JGWeiBoAniController.m */,
				1AF153F11D86832D005D63DC /* JGWeiBoComposeController.h */,
				1AF153F21D86832D005D63DC /* JGWeiBoComposeController.m */,
				1AF153FB1D8691E3005D63DC /* JGMosaicController.h */,
				1AF153FC1D8691E3005D63DC /* JGMosaicController.m */,
			);
			path = Controllers;
			sourceTree = "<group>";
		};
		1A0D4BFA1D84FC0000BD341D /* Views */ = {
			isa = PBXGroup;
			children = (
				1A0D4C0B1D85434700BD341D /* JGWheelView.h */,
				1A0D4C0C1D85434700BD341D /* JGWheelView.m */,
				1A0D4C0E1D85435200BD341D /* JGWheelView.xib */,
				1A0D4C101D854EB000BD341D /* JGWheelsBtn.h */,
				1A0D4C111D854EB000BD341D /* JGWheelsBtn.m */,
				1AF153D91D8645FA005D63DC /* JGReflectionView.h */,
				1AF153DA1D8645FA005D63DC /* JGReflectionView.m */,
				1AF153E21D864EC3005D63DC /* JGParticleView.h */,
				1AF153E31D864EC3005D63DC /* JGParticleView.m */,
				1AF153EB1D865531005D63DC /* JGBageValue.h */,
				1AF153EC1D865531005D63DC /* JGBageValue.m */,
				1AF153F81D868DA6005D63DC /* JGItemBtn.h */,
				1AF153F91D868DA6005D63DC /* JGItemBtn.m */,
				1AF153FE1D869312005D63DC /* JGMosaicView.h */,
				1AF153FF1D869312005D63DC /* JGMosaicView.m */,
			);
			path = Views;
			sourceTree = "<group>";
		};
		1AF153F41D868356005D63DC /* Models */ = {
			isa = PBXGroup;
			children = (
				1AF153F51D868383005D63DC /* JGMuneItem.h */,
				1AF153F61D868383005D63DC /* JGMuneItem.m */,
			);
			path = Models;
			sourceTree = "<group>";
		};
		1AF154011D8699AE005D63DC /* CateGorys */ = {
			isa = PBXGroup;
			children = (
				1AF154021D8699DE005D63DC /* UIImage+JGMosaic.h */,
				1AF154031D8699DE005D63DC /* UIImage+JGMosaic.m */,
			);
			path = CateGorys;
			sourceTree = "<group>";
		};
/* End PBXGroup section */

/* Begin PBXNativeTarget section */
		1A0D4BBF1D84FBAE00BD341D /* JGCALayer */ = {
			isa = PBXNativeTarget;
			buildConfigurationList = 1A0D4BED1D84FBAE00BD341D /* Build configuration list for PBXNativeTarget "JGCALayer" */;
			buildPhases = (
				1A0D4BBC1D84FBAE00BD341D /* Sources */,
				1A0D4BBD1D84FBAE00BD341D /* Frameworks */,
				1A0D4BBE1D84FBAE00BD341D /* Resources */,
			);
			buildRules = (
			);
			dependencies = (
			);
			name = JGCALayer;
			productName = JGCALayer;
			productReference = 1A0D4BC01D84FBAE00BD341D /* JGCALayer.app */;
			productType = "com.apple.product-type.application";
		};
		1A0D4BD81D84FBAE00BD341D /* JGCALayerTests */ = {
			isa = PBXNativeTarget;
			buildConfigurationList = 1A0D4BF01D84FBAE00BD341D /* Build configuration list for PBXNativeTarget "JGCALayerTests" */;
			buildPhases = (
				1A0D4BD51D84FBAE00BD341D /* Sources */,
				1A0D4BD61D84FBAE00BD341D /* Frameworks */,
				1A0D4BD71D84FBAE00BD341D /* Resources */,
			);
			buildRules = (
			);
			dependencies = (
				1A0D4BDB1D84FBAE00BD341D /* PBXTargetDependency */,
			);
			name = JGCALayerTests;
			productName = JGCALayerTests;
			productReference = 1A0D4BD91D84FBAE00BD341D /* JGCALayerTests.xctest */;
			productType = "com.apple.product-type.bundle.unit-test";
		};
		1A0D4BE31D84FBAE00BD341D /* JGCALayerUITests */ = {
			isa = PBXNativeTarget;
			buildConfigurationList = 1A0D4BF31D84FBAE00BD341D /* Build configuration list for PBXNativeTarget "JGCALayerUITests" */;
			buildPhases = (
				1A0D4BE01D84FBAE00BD341D /* Sources */,
				1A0D4BE11D84FBAE00BD341D /* Frameworks */,
				1A0D4BE21D84FBAE00BD341D /* Resources */,
			);
			buildRules = (
			);
			dependencies = (
				1A0D4BE61D84FBAE00BD341D /* PBXTargetDependency */,
			);
			name = JGCALayerUITests;
			productName = JGCALayerUITests;
			productReference = 1A0D4BE41D84FBAE00BD341D /* JGCALayerUITests.xctest */;
			productType = "com.apple.product-type.bundle.ui-testing";
		};
/* End PBXNativeTarget section */

/* Begin PBXProject section */
		1A0D4BB81D84FBAE00BD341D /* Project object */ = {
			isa = PBXProject;
			attributes = {
				CLASSPREFIX = JG;
				LastUpgradeCheck = 0730;
				ORGANIZATIONNAME = stkcctv;
				TargetAttributes = {
					1A0D4BBF1D84FBAE00BD341D = {
						CreatedOnToolsVersion = 7.3.1;
						DevelopmentTeam = ND8RLZC6KU;
					};
					1A0D4BD81D84FBAE00BD341D = {
						CreatedOnToolsVersion = 7.3.1;
						TestTargetID = 1A0D4BBF1D84FBAE00BD341D;
					};
					1A0D4BE31D84FBAE00BD341D = {
						CreatedOnToolsVersion = 7.3.1;
						TestTargetID = 1A0D4BBF1D84FBAE00BD341D;
					};
				};
			};
			buildConfigurationList = 1A0D4BBB1D84FBAE00BD341D /* Build configuration list for PBXProject "JGCALayer" */;
			compatibilityVersion = "Xcode 3.2";
			developmentRegion = English;
			hasScannedForEncodings = 0;
			knownRegions = (
				en,
				Base,
			);
			mainGroup = 1A0D4BB71D84FBAE00BD341D;
			productRefGroup = 1A0D4BC11D84FBAE00BD341D /* Products */;
			projectDirPath = "";
			projectRoot = "";
			targets = (
				1A0D4BBF1D84FBAE00BD341D /* JGCALayer */,
				1A0D4BD81D84FBAE00BD341D /* JGCALayerTests */,
				1A0D4BE31D84FBAE00BD341D /* JGCALayerUITests */,
			);
		};
/* End PBXProject section */

/* Begin PBXResourcesBuildPhase section */
		1A0D4BBE1D84FBAE00BD341D /* Resources */ = {
			isa = PBXResourcesBuildPhase;
			buildActionMask = 2147483647;
			files = (
				1A0D4BD31D84FBAE00BD341D /* LaunchScreen.storyboard in Resources */,
				1A0D4C0F1D85435200BD341D /* JGWheelView.xib in Resources */,
				1A0D4BD01D84FBAE00BD341D /* Assets.xcassets in Resources */,
				1A0D4BCE1D84FBAE00BD341D /* Main.storyboard in Resources */,
			);
			runOnlyForDeploymentPostprocessing = 0;
		};
		1A0D4BD71D84FBAE00BD341D /* Resources */ = {
			isa = PBXResourcesBuildPhase;
			buildActionMask = 2147483647;
			files = (
			);
			runOnlyForDeploymentPostprocessing = 0;
		};
		1A0D4BE21D84FBAE00BD341D /* Resources */ = {
			isa = PBXResourcesBuildPhase;
			buildActionMask = 2147483647;
			files = (
			);
			runOnlyForDeploymentPostprocessing = 0;
		};
/* End PBXResourcesBuildPhase section */

/* Begin PBXSourcesBuildPhase section */
		1A0D4BBC1D84FBAE00BD341D /* Sources */ = {
			isa = PBXSourcesBuildPhase;
			buildActionMask = 2147483647;
			files = (
				1AF153F71D868383005D63DC /* JGMuneItem.m in Sources */,
				1A0D4C011D84FFE000BD341D /* JGBasicViewController.m in Sources */,
				1AF154001D869312005D63DC /* JGMosaicView.m in Sources */,
				1A0D4C0D1D85434700BD341D /* JGWheelView.m in Sources */,
				1A0D4BFB1D84FC0000BD341D /* AppDelegate.m in Sources */,
				1AF153F31D86832D005D63DC /* JGWeiBoComposeController.m in Sources */,
				1AF154041D8699DE005D63DC /* UIImage+JGMosaic.m in Sources */,
				1AF153E71D865454005D63DC /* JGBageValueController.m in Sources */,
				1AF153E41D864EC3005D63DC /* JGParticleView.m in Sources */,
				1AF153DE1D864C44005D63DC /* JGParticleViewController.m in Sources */,
				1AF153FD1D8691E3005D63DC /* JGMosaicController.m in Sources */,
				1A0D4BC51D84FBAE00BD341D /* main.m in Sources */,
				1A0D4C121D854EB000BD341D /* JGWheelsBtn.m in Sources */,
				1AF153F01D868257005D63DC /* JGWeiBoAniController.m in Sources */,
				1A0D4C041D852A6300BD341D /* JGClockViewController.m in Sources */,
				1A0D4C071D85386D00BD341D /* JGHeartBeatAndTranstionController.m in Sources */,
				1AF153ED1D865531005D63DC /* JGBageValue.m in Sources */,
				1AF153D81D8644A4005D63DC /* JGReflectionController.m in Sources */,
				1A0D4C0A1D85422400BD341D /* JGRotaryTableViewController.m in Sources */,
				1AF153DB1D8645FA005D63DC /* JGReflectionView.m in Sources */,
				1A0D4BFE1D84FC4800BD341D /* JGRootTableViewController.m in Sources */,
				1AF153D51D863CE7005D63DC /* JGMusicVibrationController.m in Sources */,
				1AF153FA1D868DA6005D63DC /* JGItemBtn.m in Sources */,
				1AF153D21D8633F3005D63DC /* JGPicFoldViewController.m in Sources */,
			);
			runOnlyForDeploymentPostprocessing = 0;
		};
		1A0D4BD51D84FBAE00BD341D /* Sources */ = {
			isa = PBXSourcesBuildPhase;
			buildActionMask = 2147483647;
			files = (
				1A0D4BDE1D84FBAE00BD341D /* JGCALayerTests.m in Sources */,
			);
			runOnlyForDeploymentPostprocessing = 0;
		};
		1A0D4BE01D84FBAE00BD341D /* Sources */ = {
			isa = PBXSourcesBuildPhase;
			buildActionMask = 2147483647;
			files = (
				1A0D4BE91D84FBAE00BD341D /* JGCALayerUITests.m in Sources */,
			);
			runOnlyForDeploymentPostprocessing = 0;
		};
/* End PBXSourcesBuildPhase section */

/* Begin PBXTargetDependency section */
		1A0D4BDB1D84FBAE00BD341D /* PBXTargetDependency */ = {
			isa = PBXTargetDependency;
			target = 1A0D4BBF1D84FBAE00BD341D /* JGCALayer */;
			targetProxy = 1A0D4BDA1D84FBAE00BD341D /* PBXContainerItemProxy */;
		};
		1A0D4BE61D84FBAE00BD341D /* PBXTargetDependency */ = {
			isa = PBXTargetDependency;
			target = 1A0D4BBF1D84FBAE00BD341D /* JGCALayer */;
			targetProxy = 1A0D4BE51D84FBAE00BD341D /* PBXContainerItemProxy */;
		};
/* End PBXTargetDependency section */

/* Begin PBXVariantGroup section */
		1A0D4BCC1D84FBAE00BD341D /* Main.storyboard */ = {
			isa = PBXVariantGroup;
			children = (
				1A0D4BCD1D84FBAE00BD341D /* Base */,
			);
			name = Main.storyboard;
			sourceTree = "<group>";
		};
		1A0D4BD11D84FBAE00BD341D /* LaunchScreen.storyboard */ = {
			isa = PBXVariantGroup;
			children = (
				1A0D4BD21D84FBAE00BD341D /* Base */,
			);
			name = LaunchScreen.storyboard;
			sourceTree = "<group>";
		};
/* End PBXVariantGroup section */

/* Begin XCBuildConfiguration section */
		1A0D4BEB1D84FBAE00BD341D /* Debug */ = {
			isa = XCBuildConfiguration;
			buildSettings = {
				ALWAYS_SEARCH_USER_PATHS = NO;
				CLANG_ANALYZER_NONNULL = YES;
				CLANG_CXX_LANGUAGE_STANDARD = "gnu++0x";
				CLANG_CXX_LIBRARY = "libc++";
				CLANG_ENABLE_MODULES = YES;
				CLANG_ENABLE_OBJC_ARC = YES;
				CLANG_WARN_BOOL_CONVERSION = YES;
				CLANG_WARN_CONSTANT_CONVERSION = YES;
				CLANG_WARN_DIRECT_OBJC_ISA_USAGE = YES_ERROR;
				CLANG_WARN_EMPTY_BODY = YES;
				CLANG_WARN_ENUM_CONVERSION = YES;
				CLANG_WARN_INT_CONVERSION = YES;
				CLANG_WARN_OBJC_ROOT_CLASS = YES_ERROR;
				CLANG_WARN_UNREACHABLE_CODE = YES;
				CLANG_WARN__DUPLICATE_METHOD_MATCH = YES;
				"CODE_SIGN_IDENTITY[sdk=iphoneos*]" = "iPhone Developer";
				COPY_PHASE_STRIP = NO;
				DEBUG_INFORMATION_FORMAT = dwarf;
				ENABLE_STRICT_OBJC_MSGSEND = YES;
				ENABLE_TESTABILITY = YES;
				GCC_C_LANGUAGE_STANDARD = gnu99;
				GCC_DYNAMIC_NO_PIC = NO;
				GCC_NO_COMMON_BLOCKS = YES;
				GCC_OPTIMIZATION_LEVEL = 0;
				GCC_PREPROCESSOR_DEFINITIONS = (
					"DEBUG=1",
					"$(inherited)",
				);
				GCC_WARN_64_TO_32_BIT_CONVERSION = YES;
				GCC_WARN_ABOUT_RETURN_TYPE = YES_ERROR;
				GCC_WARN_UNDECLARED_SELECTOR = YES;
				GCC_WARN_UNINITIALIZED_AUTOS = YES_AGGRESSIVE;
				GCC_WARN_UNUSED_FUNCTION = YES;
				GCC_WARN_UNUSED_VARIABLE = YES;
				IPHONEOS_DEPLOYMENT_TARGET = 9.3;
				MTL_ENABLE_DEBUG_INFO = YES;
				ONLY_ACTIVE_ARCH = YES;
				SDKROOT = iphoneos;
				TARGETED_DEVICE_FAMILY = "1,2";
			};
			name = Debug;
		};
		1A0D4BEC1D84FBAE00BD341D /* Release */ = {
			isa = XCBuildConfiguration;
			buildSettings = {
				ALWAYS_SEARCH_USER_PATHS = NO;
				CLANG_ANALYZER_NONNULL = YES;
				CLANG_CXX_LANGUAGE_STANDARD = "gnu++0x";
				CLANG_CXX_LIBRARY = "libc++";
				CLANG_ENABLE_MODULES = YES;
				CLANG_ENABLE_OBJC_ARC = YES;
				CLANG_WARN_BOOL_CONVERSION = YES;
				CLANG_WARN_CONSTANT_CONVERSION = YES;
				CLANG_WARN_DIRECT_OBJC_ISA_USAGE = YES_ERROR;
				CLANG_WARN_EMPTY_BODY = YES;
				CLANG_WARN_ENUM_CONVERSION = YES;
				CLANG_WARN_INT_CONVERSION = YES;
				CLANG_WARN_OBJC_ROOT_CLASS = YES_ERROR;
				CLANG_WARN_UNREACHABLE_CODE = YES;
				CLANG_WARN__DUPLICATE_METHOD_MATCH = YES;
				"CODE_SIGN_IDENTITY[sdk=iphoneos*]" = "iPhone Developer";
				COPY_PHASE_STRIP = NO;
				DEBUG_INFORMATION_FORMAT = "dwarf-with-dsym";
				ENABLE_NS_ASSERTIONS = NO;
				ENABLE_STRICT_OBJC_MSGSEND = YES;
				GCC_C_LANGUAGE_STANDARD = gnu99;
				GCC_NO_COMMON_BLOCKS = YES;
				GCC_WARN_64_TO_32_BIT_CONVERSION = YES;
				GCC_WARN_ABOUT_RETURN_TYPE = YES_ERROR;
				GCC_WARN_UNDECLARED_SELECTOR = YES;
				GCC_WARN_UNINITIALIZED_AUTOS = YES_AGGRESSIVE;
				GCC_WARN_UNUSED_FUNCTION = YES;
				GCC_WARN_UNUSED_VARIABLE = YES;
				IPHONEOS_DEPLOYMENT_TARGET = 9.3;
				MTL_ENABLE_DEBUG_INFO = NO;
				SDKROOT = iphoneos;
				TARGETED_DEVICE_FAMILY = "1,2";
				VALIDATE_PRODUCT = YES;
			};
			name = Release;
		};
		1A0D4BEE1D84FBAE00BD341D /* Debug */ = {
			isa = XCBuildConfiguration;
			buildSettings = {
				ASSETCATALOG_COMPILER_APPICON_NAME = AppIcon;
				CODE_SIGN_IDENTITY = "iPhone Developer";
				INFOPLIST_FILE = JGCALayer/Info.plist;
				LD_RUNPATH_SEARCH_PATHS = "$(inherited) @executable_path/Frameworks";
				PRODUCT_BUNDLE_IDENTIFIER = com.shengHanDL.JGCALayer;
				PRODUCT_NAME = "$(TARGET_NAME)";
			};
			name = Debug;
		};
		1A0D4BEF1D84FBAE00BD341D /* Release */ = {
			isa = XCBuildConfiguration;
			buildSettings = {
				ASSETCATALOG_COMPILER_APPICON_NAME = AppIcon;
				CODE_SIGN_IDENTITY = "iPhone Developer";
				INFOPLIST_FILE = JGCALayer/Info.plist;
				LD_RUNPATH_SEARCH_PATHS = "$(inherited) @executable_path/Frameworks";
				PRODUCT_BUNDLE_IDENTIFIER = com.shengHanDL.JGCALayer;
				PRODUCT_NAME = "$(TARGET_NAME)";
			};
			name = Release;
		};
		1A0D4BF11D84FBAE00BD341D /* Debug */ = {
			isa = XCBuildConfiguration;
			buildSettings = {
				BUNDLE_LOADER = "$(TEST_HOST)";
				INFOPLIST_FILE = JGCALayerTests/Info.plist;
				LD_RUNPATH_SEARCH_PATHS = "$(inherited) @executable_path/Frameworks @loader_path/Frameworks";
				PRODUCT_BUNDLE_IDENTIFIER = com.shengHanDL.JGCALayerTests;
				PRODUCT_NAME = "$(TARGET_NAME)";
				TEST_HOST = "$(BUILT_PRODUCTS_DIR)/JGCALayer.app/JGCALayer";
			};
			name = Debug;
		};
		1A0D4BF21D84FBAE00BD341D /* Release */ = {
			isa = XCBuildConfiguration;
			buildSettings = {
				BUNDLE_LOADER = "$(TEST_HOST)";
				INFOPLIST_FILE = JGCALayerTests/Info.plist;
				LD_RUNPATH_SEARCH_PATHS = "$(inherited) @executable_path/Frameworks @loader_path/Frameworks";
				PRODUCT_BUNDLE_IDENTIFIER = com.shengHanDL.JGCALayerTests;
				PRODUCT_NAME = "$(TARGET_NAME)";
				TEST_HOST = "$(BUILT_PRODUCTS_DIR)/JGCALayer.app/JGCALayer";
			};
			name = Release;
		};
		1A0D4BF41D84FBAE00BD341D /* Debug */ = {
			isa = XCBuildConfiguration;
			buildSettings = {
				INFOPLIST_FILE = JGCALayerUITests/Info.plist;
				LD_RUNPATH_SEARCH_PATHS = "$(inherited) @executable_path/Frameworks @loader_path/Frameworks";
				PRODUCT_BUNDLE_IDENTIFIER = com.shengHanDL.JGCALayerUITests;
				PRODUCT_NAME = "$(TARGET_NAME)";
				TEST_TARGET_NAME = JGCALayer;
			};
			name = Debug;
		};
		1A0D4BF51D84FBAE00BD341D /* Release */ = {
			isa = XCBuildConfiguration;
			buildSettings = {
				INFOPLIST_FILE = JGCALayerUITests/Info.plist;
				LD_RUNPATH_SEARCH_PATHS = "$(inherited) @executable_path/Frameworks @loader_path/Frameworks";
				PRODUCT_BUNDLE_IDENTIFIER = com.shengHanDL.JGCALayerUITests;
				PRODUCT_NAME = "$(TARGET_NAME)";
				TEST_TARGET_NAME = JGCALayer;
			};
			name = Release;
		};
/* End XCBuildConfiguration section */

/* Begin XCConfigurationList section */
		1A0D4BBB1D84FBAE00BD341D /* Build configuration list for PBXProject "JGCALayer" */ = {
			isa = XCConfigurationList;
			buildConfigurations = (
				1A0D4BEB1D84FBAE00BD341D /* Debug */,
				1A0D4BEC1D84FBAE00BD341D /* Release */,
			);
			defaultConfigurationIsVisible = 0;
			defaultConfigurationName = Release;
		};
		1A0D4BED1D84FBAE00BD341D /* Build configuration list for PBXNativeTarget "JGCALayer" */ = {
			isa = XCConfigurationList;
			buildConfigurations = (
				1A0D4BEE1D84FBAE00BD341D /* Debug */,
				1A0D4BEF1D84FBAE00BD341D /* Release */,
			);
			defaultConfigurationIsVisible = 0;
			defaultConfigurationName = Release;
		};
		1A0D4BF01D84FBAE00BD341D /* Build configuration list for PBXNativeTarget "JGCALayerTests" */ = {
			isa = XCConfigurationList;
			buildConfigurations = (
				1A0D4BF11D84FBAE00BD341D /* Debug */,
				1A0D4BF21D84FBAE00BD341D /* Release */,
			);
			defaultConfigurationIsVisible = 0;
			defaultConfigurationName = Release;
		};
		1A0D4BF31D84FBAE00BD341D /* Build configuration list for PBXNativeTarget "JGCALayerUITests" */ = {
			isa = XCConfigurationList;
			buildConfigurations = (
				1A0D4BF41D84FBAE00BD341D /* Debug */,
				1A0D4BF51D84FBAE00BD341D /* Release */,
			);
			defaultConfigurationIsVisible = 0;
			defaultConfigurationName = Release;
		};
/* End XCConfigurationList section */
	};
	rootObject = 1A0D4BB81D84FBAE00BD341D /* Project object */;
}
